
Microsoft Visual Studio Solution File, Format Version 12.00
# Visual Studio Version 16
VisualStudioVersion = 16.0.29001.49
MinimumVisualStudioVersion = 10.0.40219.1
Project("{FAE04EC0-301F-11D3-BF4B-00C04F79EFBC}") = "ImageToMidi", "ImageToMidi\ImageToMidi.csproj", "{C54F355C-67F8-4D88-9E6E-94E134E49A27}"
EndProject
Global
	GlobalSection(SolutionConfigurationPlatforms) = preSolution
		Debug|Any CPU = Debug|Any CPU
		Release|Any CPU = Release|Any CPU
	EndGlobalSection
	GlobalSection(ProjectConfigurationPlatforms) = postSolution
		{C54F355C-67F8-4D88-9E6E-94E134E49A27}.Debug|Any CPU.ActiveCfg = Debug|Any CPU
		{C54F355C-67F8-4D88-9E6E-94E134E49A27}.Debug|Any CPU.Build.0 = Debug|Any CPU
		{C54F355C-67F8-4D88-9E6E-94E134E49A27}.Release|Any CPU.ActiveCfg = Release|Any CPU
		{C54F355C-67F8-4D88-9E6E-94E134E49A27}.Release|Any CPU.Build.0 = Release|Any CPU
	EndGlobalSection
	GlobalSection(SolutionProperties) = preSolution
		HideSolutionNode = FALSE
	EndGlobalSection
	GlobalSection(ExtensibilityGlobals) = postSolution
		SolutionGuid = {686E6544-4B20-4FD3-9D3B-9BF6AFCAF4AC}
	EndGlobalSection
EndGlobal
